
Microsoft Visual Studio Solution File, Format Version 12.00
# Visual Studio Version 16
VisualStudioVersion = 16.0.31019.35
MinimumVisualStudioVersion = 10.0.40219.1
Project("{9A19103F-16F7-4668-BE54-9A1E7A4F7556}") = "BusinessLayer", "g4m4nez\BusinessLayer.csproj", "{E84277BD-9634-4781-A214-DDD23D7265BC}"
EndProject
Project("{2150E333-8FDC-42A3-9474-1A3956D46DE8}") = "Tests", "Tests", "{54D8026D-42F4-4A1E-9EDD-A5B7FBD2B812}"
EndProject
Project("{FAE04EC0-301F-11D3-BF4B-00C04F79EFBC}") = "BusinessLayer.Tests", "BusinessLayer.Tests\BusinessLayer.Tests.csproj", "{2ED49D2A-51EE-4DDA-A2AF-C69A30FF5131}"
EndProject
Global
	GlobalSection(SolutionConfigurationPlatforms) = preSolution
		Debug|Any CPU = Debug|Any CPU
		Release|Any CPU = Release|Any CPU
	EndGlobalSection
	GlobalSection(ProjectConfigurationPlatforms) = postSolution
		{E84277BD-9634-4781-A214-DDD23D7265BC}.Debug|Any CPU.ActiveCfg = Debug|Any CPU
		{E84277BD-9634-4781-A214-DDD23D7265BC}.Debug|Any CPU.Build.0 = Debug|Any CPU
		{E84277BD-9634-4781-A214-DDD23D7265BC}.Release|Any CPU.ActiveCfg = Release|Any CPU
		{E84277BD-9634-4781-A214-DDD23D7265BC}.Release|Any CPU.Build.0 = Release|Any CPU
		{2ED49D2A-51EE-4DDA-A2AF-C69A30FF5131}.Debug|Any CPU.ActiveCfg = Debug|Any CPU
		{2ED49D2A-51EE-4DDA-A2AF-C69A30FF5131}.Debug|Any CPU.Build.0 = Debug|Any CPU
		{2ED49D2A-51EE-4DDA-A2AF-C69A30FF5131}.Release|Any CPU.ActiveCfg = Release|Any CPU
		{2ED49D2A-51EE-4DDA-A2AF-C69A30FF5131}.Release|Any CPU.Build.0 = Release|Any CPU
	EndGlobalSection
	GlobalSection(SolutionProperties) = preSolution
		HideSolutionNode = FALSE
	EndGlobalSection
	GlobalSection(NestedProjects) = preSolution
		{2ED49D2A-51EE-4DDA-A2AF-C69A30FF5131} = {54D8026D-42F4-4A1E-9EDD-A5B7FBD2B812}
	EndGlobalSection
	GlobalSection(ExtensibilityGlobals) = postSolution
		SolutionGuid = {CB7480DC-009B-46C2-A0E3-DFD9644C2623}
	EndGlobalSection
EndGlobal
